
Microsoft Visual Studio Solution File, Format Version 12.00
# Visual Studio Version 17
VisualStudioVersion = 17.0.32014.148
MinimumVisualStudioVersion = 10.0.40219.1
Project("{9A19103F-16F7-4668-BE54-9A1E7A4F7556}") = "HealthCheck", "HealthCheck\HealthCheck.csproj", "{CAEB8E4B-3BF6-4CB8-98B9-C72F75364B12}"
EndProject
Global
	GlobalSection(SolutionConfigurationPlatforms) = preSolution
		Debug|Any CPU = Debug|Any CPU
		Release|Any CPU = Release|Any CPU
	EndGlobalSection
	GlobalSection(ProjectConfigurationPlatforms) = postSolution
		{CAEB8E4B-3BF6-4CB8-98B9-C72F75364B12}.Debug|Any CPU.ActiveCfg = Debug|Any CPU
		{CAEB8E4B-3BF6-4CB8-98B9-C72F75364B12}.Debug|Any CPU.Build.0 = Debug|Any CPU
		{CAEB8E4B-3BF6-4CB8-98B9-C72F75364B12}.Release|Any CPU.ActiveCfg = Release|Any CPU
		{CAEB8E4B-3BF6-4CB8-98B9-C72F75364B12}.Release|Any CPU.Build.0 = Release|Any CPU
	EndGlobalSection
	GlobalSection(SolutionProperties) = preSolution
		HideSolutionNode = FALSE
	EndGlobalSection
	GlobalSection(ExtensibilityGlobals) = postSolution
		SolutionGuid = {086D436F-7BA3-447D-9FA8-8FCE3832E516}
	EndGlobalSection
EndGlobal
